
Microsoft Visual Studio Solution File, Format Version 12.00
# Visual Studio 2013
VisualStudioVersion = 12.0.31101.0
MinimumVisualStudioVersion = 10.0.40219.1
Project("{8BC9CEB8-8B4A-11D0-8D11-00A0C91BC942}") = "template_SFML", "template_SFML\template_SFML.vcxproj", "{7B55D19F-5820-4E74-8A92-6702A7066363}"
EndProject
Global
	GlobalSection(SolutionConfigurationPlatforms) = preSolution
		Debug|Win32 = Debug|Win32
		Release|Win32 = Release|Win32
	EndGlobalSection
	GlobalSection(ProjectConfigurationPlatforms) = postSolution
		{7B55D19F-5820-4E74-8A92-6702A7066363}.Debug|Win32.ActiveCfg = Debug|Win32
		{7B55D19F-5820-4E74-8A92-6702A7066363}.Debug|Win32.Build.0 = Debug|Win32
		{7B55D19F-5820-4E74-8A92-6702A7066363}.Release|Win32.ActiveCfg = Release|Win32
		{7B55D19F-5820-4E74-8A92-6702A7066363}.Release|Win32.Build.0 = Release|Win32
	EndGlobalSection
	GlobalSection(SolutionProperties) = preSolution
		HideSolutionNode = FALSE
	EndGlobalSection
EndGlobal
